{
  "name": "PRD maker",
  "lockfileVersion": 3,
  "requires": true,
  "packages": {
    "": {
      "devDependencies": {
        "hedral-relay": "^0.8.21"
      }
    },
    "node_modules/hedral-relay": {
      "version": "0.8.21",
      "resolved": "https://registry.npmjs.org/hedral-relay/-/hedral-relay-0.8.21.tgz",
      "integrity": "sha512-HVvYS8PnM4cz78c743Lh4UNx+LGGK1ScAY+gxXWTI6DaIhRvmQff3aZ2mPkoqbDFRFBlX7m1D55PnT9p5tZS3w==",
      "dev": true,
      "license": "UNLICENSED",
      "bin": {
        "hedral-relay": "scripts/cli.mjs",
        "pi-relay": "scripts/cli.mjs",
        "relay": "scripts/cli.mjs"
      },
      "engines": {
        "node": ">=22"
      }
    }
  }
}
