{
  "name": "PRD maker",
  "lockfileVersion": 3,
  "requires": true,
  "packages": {
    "": {
      "devDependencies": {
        "hedral-relay": "^0.8.10"
      }
    },
    "node_modules/hedral-relay": {
      "version": "0.8.10",
      "resolved": "https://registry.npmjs.org/hedral-relay/-/hedral-relay-0.8.10.tgz",
      "integrity": "sha512-FyberFei+89OS8pOS9VZqE73Od5tXnAPvt60jXq3k7ArauSbp6pJkZdoUjsSSc07hA10okPR6H4rnz2+atgqVQ==",
      "dev": true,
      "license": "UNLICENSED",
      "bin": {
        "hedral-relay": "scripts/cli.mjs",
        "pi-relay": "scripts/cli.mjs",
        "relay": "scripts/cli.mjs"
      },
      "engines": {
        "node": ">=22"
      }
    }
  }
}
